PODS:
  - FBSnapshotTestCase (2.1.4):
    - FBSnapshotTestCase/SwiftSupport (= 2.1.4)
  - FBSnapshotTestCase/Core (2.1.4)
  - FBSnapshotTestCase/SwiftSupport (2.1.4):
    - FBSnapshotTestCase/Core
  - JKPopupView (0.1.0)
  - Kiwi (3.0.0)

DEPENDENCIES:
  - FBSnapshotTestCase
  - JKPopupView (from `../`)
  - Kiwi

SPEC REPOS:
  trunk:
    - FBSnapshotTestCase
    - Kiwi

EXTERNAL SOURCES:
  JKPopupView:
    :path: "../"

SPEC CHECKSUMS:
  FBSnapshotTestCase: 094f9f314decbabe373b87cc339bea235a63e07a
  JKPopupView: faa719bd4ed4a75f44499000488cc5b611bfbbcf
  Kiwi: fbeafef0f00e4d8f7dcb3420a4930afe70af77f7

PODFILE CHECKSUM: a599c1e477043c87f1ded4b5a4373034d277f04a

COCOAPODS: 1.9.1
