// !$*UTF8*$!
{
	archiveVersion = 1;
	classes = {
	};
	objectVersion = 50;
	objects = {

/* Begin PBXBuildFile section */
		9D74FB4F21A2918D008C7B36 /* AppDelegate.m in Sources */ = {isa = PBXBuildFile; fileRef = 9D74FB4E21A2918D008C7B36 /* AppDelegate.m */; };
		9D74FB5221A2918D008C7B36 /* ViewController.m in Sources */ = {isa = PBXBuildFile; fileRef = 9D74FB5121A2918D008C7B36 /* ViewController.m */; };
		9D74FB5721A2918E008C7B36 /* Assets.xcassets in Resources */ = {isa = PBXBuildFile; fileRef = 9D74FB5621A2918E008C7B36 /* Assets.xcassets */; };
		9D74FB5A21A2918E008C7B36 /* LaunchScreen.storyboard in Resources */ = {isa = PBXBuildFile; fileRef = 9D74FB5821A2918E008C7B36 /* LaunchScreen.storyboard */; };
		9D74FB5D21A2918E008C7B36 /* main.m in Sources */ = {isa = PBXBuildFile; fileRef = 9D74FB5C21A2918E008C7B36 /* main.m */; };
		9D74FB6721A2918E008C7B36 /* JKPopupViewTests.m in Sources */ = {isa = PBXBuildFile; fileRef = 9D74FB6621A2918E008C7B36 /* JKPopupViewTests.m */; };
		9D74FB7221A2918E008C7B36 /* JKPopupViewUITests.m in Sources */ = {isa = PBXBuildFile; fileRef = 9D74FB7121A2918E008C7B36 /* JKPopupViewUITests.m */; };
		9D74FB8521A291B9008C7B36 /* NavigationController.m in Sources */ = {isa = PBXBuildFile; fileRef = 9D74FB8221A291B8008C7B36 /* NavigationController.m */; };
		9D74FB8B21A292A8008C7B36 /* JKPopupView.m in Sources */ = {isa = PBXBuildFile; fileRef = 9D74FB8A21A292A8008C7B36 /* JKPopupView.m */; };
		9D74FB8E21A292C5008C7B36 /* JKPopupLayout.m in Sources */ = {isa = PBXBuildFile; fileRef = 9D74FB8D21A292C5008C7B36 /* JKPopupLayout.m */; };
/* End PBXBuildFile section */

/* Begin PBXContainerItemProxy section */
		9D74FB6321A2918E008C7B36 /* PBXContainerItemProxy */ = {
			isa = PBXContainerItemProxy;
			containerPortal = 9D74FB4221A2918D008C7B36 /* Project object */;
			proxyType = 1;
			remoteGlobalIDString = 9D74FB4921A2918D008C7B36;
			remoteInfo = JKPopupView;
		};
		9D74FB6E21A2918E008C7B36 /* PBXContainerItemProxy */ = {
			isa = PBXContainerItemProxy;
			containerPortal = 9D74FB4221A2918D008C7B36 /* Project object */;
			proxyType = 1;
			remoteGlobalIDString = 9D74FB4921A2918D008C7B36;
			remoteInfo = JKPopupView;
		};
/* End PBXContainerItemProxy section */

/* Begin PBXFileReference section */
		9D74FB4A21A2918D008C7B36 /* JKPopupView.app */ = {isa = PBXFileReference; explicitFileType = wrapper.application; includeInIndex = 0; path = JKPopupView.app; sourceTree = BUILT_PRODUCTS_DIR; };
		9D74FB4D21A2918D008C7B36 /* AppDelegate.h */ = {isa = PBXFileReference; lastKnownFileType = sourcecode.c.h; path = AppDelegate.h; sourceTree = "<group>"; };
		9D74FB4E21A2918D008C7B36 /* AppDelegate.m */ = {isa = PBXFileReference; lastKnownFileType = sourcecode.c.objc; path = AppDelegate.m; sourceTree = "<group>"; };
		9D74FB5021A2918D008C7B36 /* ViewController.h */ = {isa = PBXFileReference; lastKnownFileType = sourcecode.c.h; path = ViewController.h; sourceTree = "<group>"; };
		9D74FB5121A2918D008C7B36 /* ViewController.m */ = {isa = PBXFileReference; lastKnownFileType = sourcecode.c.objc; path = ViewController.m; sourceTree = "<group>"; };
		9D74FB5621A2918E008C7B36 /* Assets.xcassets */ = {isa = PBXFileReference; lastKnownFileType = folder.assetcatalog; path = Assets.xcassets; sourceTree = "<group>"; };
		9D74FB5921A2918E008C7B36 /* Base */ = {isa = PBXFileReference; lastKnownFileType = file.storyboard; name = Base; path = Base.lproj/LaunchScreen.storyboard; sourceTree = "<group>"; };
		9D74FB5B21A2918E008C7B36 /* Info.plist */ = {isa = PBXFileReference; lastKnownFileType = text.plist.xml; path = Info.plist; sourceTree = "<group>"; };
		9D74FB5C21A2918E008C7B36 /* main.m */ = {isa = PBXFileReference; lastKnownFileType = sourcecode.c.objc; path = main.m; sourceTree = "<group>"; };
		9D74FB6221A2918E008C7B36 /* JKPopupViewTests.xctest */ = {isa = PBXFileReference; explicitFileType = wrapper.cfbundle; includeInIndex = 0; path = JKPopupViewTests.xctest; sourceTree = BUILT_PRODUCTS_DIR; };
		9D74FB6621A2918E008C7B36 /* JKPopupViewTests.m */ = {isa = PBXFileReference; lastKnownFileType = sourcecode.c.objc; path = JKPopupViewTests.m; sourceTree = "<group>"; };
		9D74FB6821A2918E008C7B36 /* Info.plist */ = {isa = PBXFileReference; lastKnownFileType = text.plist.xml; path = Info.plist; sourceTree = "<group>"; };
		9D74FB6D21A2918E008C7B36 /* JKPopupViewUITests.xctest */ = {isa = PBXFileReference; explicitFileType = wrapper.cfbundle; includeInIndex = 0; path = JKPopupViewUITests.xctest; sourceTree = BUILT_PRODUCTS_DIR; };
		9D74FB7121A2918E008C7B36 /* JKPopupViewUITests.m */ = {isa = PBXFileReference; lastKnownFileType = sourcecode.c.objc; path = JKPopupViewUITests.m; sourceTree = "<group>"; };
		9D74FB7321A2918E008C7B36 /* Info.plist */ = {isa = PBXFileReference; lastKnownFileType = text.plist.xml; path = Info.plist; sourceTree = "<group>"; };
		9D74FB8021A291B8008C7B36 /* NavigationController.h */ = {isa = PBXFileReference; fileEncoding = 4; lastKnownFileType = sourcecode.c.h; path = NavigationController.h; sourceTree = "<group>"; };
		9D74FB8221A291B8008C7B36 /* NavigationController.m */ = {isa = PBXFileReference; fileEncoding = 4; lastKnownFileType = sourcecode.c.objc; path = NavigationController.m; sourceTree = "<group>"; };
		9D74FB8921A292A8008C7B36 /* JKPopupView.h */ = {isa = PBXFileReference; lastKnownFileType = sourcecode.c.h; path = JKPopupView.h; sourceTree = "<group>"; };
		9D74FB8A21A292A8008C7B36 /* JKPopupView.m */ = {isa = PBXFileReference; lastKnownFileType = sourcecode.c.objc; path = JKPopupView.m; sourceTree = "<group>"; };
		9D74FB8C21A292C5008C7B36 /* JKPopupLayout.h */ = {isa = PBXFileReference; lastKnownFileType = sourcecode.c.h; path = JKPopupLayout.h; sourceTree = "<group>"; };
		9D74FB8D21A292C5008C7B36 /* JKPopupLayout.m */ = {isa = PBXFileReference; lastKnownFileType = sourcecode.c.objc; path = JKPopupLayout.m; sourceTree = "<group>"; };
/* End PBXFileReference section */

/* Begin PBXFrameworksBuildPhase section */
		9D74FB4721A2918D008C7B36 /* Frameworks */ = {
			isa = PBXFrameworksBuildPhase;
			buildActionMask = 2147483647;
			files = (
			);
			runOnlyForDeploymentPostprocessing = 0;
		};
		9D74FB5F21A2918E008C7B36 /* Frameworks */ = {
			isa = PBXFrameworksBuildPhase;
			buildActionMask = 2147483647;
			files = (
			);
			runOnlyForDeploymentPostprocessing = 0;
		};
		9D74FB6A21A2918E008C7B36 /* Frameworks */ = {
			isa = PBXFrameworksBuildPhase;
			buildActionMask = 2147483647;
			files = (
			);
			runOnlyForDeploymentPostprocessing = 0;
		};
/* End PBXFrameworksBuildPhase section */

/* Begin PBXGroup section */
		9D74FB4121A2918D008C7B36 = {
			isa = PBXGroup;
			children = (
				9D74FB4C21A2918D008C7B36 /* JKPopupView */,
				9D74FB6521A2918E008C7B36 /* JKPopupViewTests */,
				9D74FB7021A2918E008C7B36 /* JKPopupViewUITests */,
				9D74FB4B21A2918D008C7B36 /* Products */,
			);
			sourceTree = "<group>";
		};
		9D74FB4B21A2918D008C7B36 /* Products */ = {
			isa = PBXGroup;
			children = (
				9D74FB4A21A2918D008C7B36 /* JKPopupView.app */,
				9D74FB6221A2918E008C7B36 /* JKPopupViewTests.xctest */,
				9D74FB6D21A2918E008C7B36 /* JKPopupViewUITests.xctest */,
			);
			name = Products;
			sourceTree = "<group>";
		};
		9D74FB4C21A2918D008C7B36 /* JKPopupView */ = {
			isa = PBXGroup;
			children = (
				9D74FB8821A29283008C7B36 /* JKPopupView */,
				9D74FB4D21A2918D008C7B36 /* AppDelegate.h */,
				9D74FB4E21A2918D008C7B36 /* AppDelegate.m */,
				9D74FB5621A2918E008C7B36 /* Assets.xcassets */,
				9D74FB5B21A2918E008C7B36 /* Info.plist */,
				9D74FB5821A2918E008C7B36 /* LaunchScreen.storyboard */,
				9D74FB5C21A2918E008C7B36 /* main.m */,
				9D74FB8021A291B8008C7B36 /* NavigationController.h */,
				9D74FB8221A291B8008C7B36 /* NavigationController.m */,
				9D74FB5021A2918D008C7B36 /* ViewController.h */,
				9D74FB5121A2918D008C7B36 /* ViewController.m */,
			);
			path = JKPopupView;
			sourceTree = "<group>";
		};
		9D74FB6521A2918E008C7B36 /* JKPopupViewTests */ = {
			isa = PBXGroup;
			children = (
				9D74FB6621A2918E008C7B36 /* JKPopupViewTests.m */,
				9D74FB6821A2918E008C7B36 /* Info.plist */,
			);
			path = JKPopupViewTests;
			sourceTree = "<group>";
		};
		9D74FB7021A2918E008C7B36 /* JKPopupViewUITests */ = {
			isa = PBXGroup;
			children = (
				9D74FB7121A2918E008C7B36 /* JKPopupViewUITests.m */,
				9D74FB7321A2918E008C7B36 /* Info.plist */,
			);
			path = JKPopupViewUITests;
			sourceTree = "<group>";
		};
		9D74FB8821A29283008C7B36 /* JKPopupView */ = {
			isa = PBXGroup;
			children = (
				9D74FB8921A292A8008C7B36 /* JKPopupView.h */,
				9D74FB8A21A292A8008C7B36 /* JKPopupView.m */,
				9D74FB8C21A292C5008C7B36 /* JKPopupLayout.h */,
				9D74FB8D21A292C5008C7B36 /* JKPopupLayout.m */,
			);
			path = JKPopupView;
			sourceTree = "<group>";
		};
/* End PBXGroup section */

/* Begin PBXNativeTarget section */
		9D74FB4921A2918D008C7B36 /* JKPopupView */ = {
			isa = PBXNativeTarget;
			buildConfigurationList = 9D74FB7621A2918E008C7B36 /* Build configuration list for PBXNativeTarget "JKPopupView" */;
			buildPhases = (
				9D74FB4621A2918D008C7B36 /* Sources */,
				9D74FB4721A2918D008C7B36 /* Frameworks */,
				9D74FB4821A2918D008C7B36 /* Resources */,
			);
			buildRules = (
			);
			dependencies = (
			);
			name = JKPopupView;
			productName = JKPopupView;
			productReference = 9D74FB4A21A2918D008C7B36 /* JKPopupView.app */;
			productType = "com.apple.product-type.application";
		};
		9D74FB6121A2918E008C7B36 /* JKPopupViewTests */ = {
			isa = PBXNativeTarget;
			buildConfigurationList = 9D74FB7921A2918E008C7B36 /* Build configuration list for PBXNativeTarget "JKPopupViewTests" */;
			buildPhases = (
				9D74FB5E21A2918E008C7B36 /* Sources */,
				9D74FB5F21A2918E008C7B36 /* Frameworks */,
				9D74FB6021A2918E008C7B36 /* Resources */,
			);
			buildRules = (
			);
			dependencies = (
				9D74FB6421A2918E008C7B36 /* PBXTargetDependency */,
			);
			name = JKPopupViewTests;
			productName = JKPopupViewTests;
			productReference = 9D74FB6221A2918E008C7B36 /* JKPopupViewTests.xctest */;
			productType = "com.apple.product-type.bundle.unit-test";
		};
		9D74FB6C21A2918E008C7B36 /* JKPopupViewUITests */ = {
			isa = PBXNativeTarget;
			buildConfigurationList = 9D74FB7C21A2918E008C7B36 /* Build configuration list for PBXNativeTarget "JKPopupViewUITests" */;
			buildPhases = (
				9D74FB6921A2918E008C7B36 /* Sources */,
				9D74FB6A21A2918E008C7B36 /* Frameworks */,
				9D74FB6B21A2918E008C7B36 /* Resources */,
			);
			buildRules = (
			);
			dependencies = (
				9D74FB6F21A2918E008C7B36 /* PBXTargetDependency */,
			);
			name = JKPopupViewUITests;
			productName = JKPopupViewUITests;
			productReference = 9D74FB6D21A2918E008C7B36 /* JKPopupViewUITests.xctest */;
			productType = "com.apple.product-type.bundle.ui-testing";
		};
/* End PBXNativeTarget section */

/* Begin PBXProject section */
		9D74FB4221A2918D008C7B36 /* Project object */ = {
			isa = PBXProject;
			attributes = {
				LastUpgradeCheck = 1010;
				ORGANIZATIONNAME = byRong;
				TargetAttributes = {
					9D74FB4921A2918D008C7B36 = {
						CreatedOnToolsVersion = 10.1;
					};
					9D74FB6121A2918E008C7B36 = {
						CreatedOnToolsVersion = 10.1;
						TestTargetID = 9D74FB4921A2918D008C7B36;
					};
					9D74FB6C21A2918E008C7B36 = {
						CreatedOnToolsVersion = 10.1;
						TestTargetID = 9D74FB4921A2918D008C7B36;
					};
				};
			};
			buildConfigurationList = 9D74FB4521A2918D008C7B36 /* Build configuration list for PBXProject "JKPopupView" */;
			compatibilityVersion = "Xcode 9.3";
			developmentRegion = en;
			hasScannedForEncodings = 0;
			knownRegions = (
				en,
				Base,
			);
			mainGroup = 9D74FB4121A2918D008C7B36;
			productRefGroup = 9D74FB4B21A2918D008C7B36 /* Products */;
			projectDirPath = "";
			projectRoot = "";
			targets = (
				9D74FB4921A2918D008C7B36 /* JKPopupView */,
				9D74FB6121A2918E008C7B36 /* JKPopupViewTests */,
				9D74FB6C21A2918E008C7B36 /* JKPopupViewUITests */,
			);
		};
/* End PBXProject section */

/* Begin PBXResourcesBuildPhase section */
		9D74FB4821A2918D008C7B36 /* Resources */ = {
			isa = PBXResourcesBuildPhase;
			buildActionMask = 2147483647;
			files = (
				9D74FB5A21A2918E008C7B36 /* LaunchScreen.storyboard in Resources */,
				9D74FB5721A2918E008C7B36 /* Assets.xcassets in Resources */,
			);
			runOnlyForDeploymentPostprocessing = 0;
		};
		9D74FB6021A2918E008C7B36 /* Resources */ = {
			isa = PBXResourcesBuildPhase;
			buildActionMask = 2147483647;
			files = (
			);
			runOnlyForDeploymentPostprocessing = 0;
		};
		9D74FB6B21A2918E008C7B36 /* Resources */ = {
			isa = PBXResourcesBuildPhase;
			buildActionMask = 2147483647;
			files = (
			);
			runOnlyForDeploymentPostprocessing = 0;
		};
/* End PBXResourcesBuildPhase section */

/* Begin PBXSourcesBuildPhase section */
		9D74FB4621A2918D008C7B36 /* Sources */ = {
			isa = PBXSourcesBuildPhase;
			buildActionMask = 2147483647;
			files = (
				9D74FB5221A2918D008C7B36 /* ViewController.m in Sources */,
				9D74FB8521A291B9008C7B36 /* NavigationController.m in Sources */,
				9D74FB5D21A2918E008C7B36 /* main.m in Sources */,
				9D74FB8E21A292C5008C7B36 /* JKPopupLayout.m in Sources */,
				9D74FB4F21A2918D008C7B36 /* AppDelegate.m in Sources */,
				9D74FB8B21A292A8008C7B36 /* JKPopupView.m in Sources */,
			);
			runOnlyForDeploymentPostprocessing = 0;
		};
		9D74FB5E21A2918E008C7B36 /* Sources */ = {
			isa = PBXSourcesBuildPhase;
			buildActionMask = 2147483647;
			files = (
				9D74FB6721A2918E008C7B36 /* JKPopupViewTests.m in Sources */,
			);
			runOnlyForDeploymentPostprocessing = 0;
		};
		9D74FB6921A2918E008C7B36 /* Sources */ = {
			isa = PBXSourcesBuildPhase;
			buildActionMask = 2147483647;
			files = (
				9D74FB7221A2918E008C7B36 /* JKPopupViewUITests.m in Sources */,
			);
			runOnlyForDeploymentPostprocessing = 0;
		};
/* End PBXSourcesBuildPhase section */

/* Begin PBXTargetDependency section */
		9D74FB6421A2918E008C7B36 /* PBXTargetDependency */ = {
			isa = PBXTargetDependency;
			target = 9D74FB4921A2918D008C7B36 /* JKPopupView */;
			targetProxy = 9D74FB6321A2918E008C7B36 /* PBXContainerItemProxy */;
		};
		9D74FB6F21A2918E008C7B36 /* PBXTargetDependency */ = {
			isa = PBXTargetDependency;
			target = 9D74FB4921A2918D008C7B36 /* JKPopupView */;
			targetProxy = 9D74FB6E21A2918E008C7B36 /* PBXContainerItemProxy */;
		};
/* End PBXTargetDependency section */

/* Begin PBXVariantGroup section */
		9D74FB5821A2918E008C7B36 /* LaunchScreen.storyboard */ = {
			isa = PBXVariantGroup;
			children = (
				9D74FB5921A2918E008C7B36 /* Base */,
			);
			name = LaunchScreen.storyboard;
			sourceTree = "<group>";
		};
/* End PBXVariantGroup section */

/* Begin XCBuildConfiguration section */
		9D74FB7421A2918E008C7B36 /* Debug */ = {
			isa = XCBuildConfiguration;
			buildSettings = {
				ALWAYS_SEARCH_USER_PATHS = NO;
				CLANG_ANALYZER_NONNULL = YES;
				CLANG_ANALYZER_NUMBER_OBJECT_CONVERSION = YES_AGGRESSIVE;
				CLANG_CXX_LANGUAGE_STANDARD = "gnu++14";
				CLANG_CXX_LIBRARY = "libc++";
				CLANG_ENABLE_MODULES = YES;
				CLANG_ENABLE_OBJC_ARC = YES;
				CLANG_ENABLE_OBJC_WEAK = YES;
				CLANG_WARN_BLOCK_CAPTURE_AUTORELEASING = YES;
				CLANG_WARN_BOOL_CONVERSION = YES;
				CLANG_WARN_COMMA = YES;
				CLANG_WARN_CONSTANT_CONVERSION = YES;
				CLANG_WARN_DEPRECATED_OBJC_IMPLEMENTATIONS = YES;
				CLANG_WARN_DIRECT_OBJC_ISA_USAGE = YES_ERROR;
				CLANG_WARN_DOCUMENTATION_COMMENTS = YES;
				CLANG_WARN_EMPTY_BODY = YES;
				CLANG_WARN_ENUM_CONVERSION = YES;
				CLANG_WARN_INFINITE_RECURSION = YES;
				CLANG_WARN_INT_CONVERSION = YES;
				CLANG_WARN_NON_LITERAL_NULL_CONVERSION = YES;
				CLANG_WARN_OBJC_IMPLICIT_RETAIN_SELF = YES;
				CLANG_WARN_OBJC_LITERAL_CONVERSION = YES;
				CLANG_WARN_OBJC_ROOT_CLASS = YES_ERROR;
				CLANG_WARN_RANGE_LOOP_ANALYSIS = YES;
				CLANG_WARN_STRICT_PROTOTYPES = YES;
				CLANG_WARN_SUSPICIOUS_MOVE = YES;
				CLANG_WARN_UNGUARDED_AVAILABILITY = YES_AGGRESSIVE;
				CLANG_WARN_UNREACHABLE_CODE = YES;
				CLANG_WARN__DUPLICATE_METHOD_MATCH = YES;
				CODE_SIGN_IDENTITY = "iPhone Developer";
				COPY_PHASE_STRIP = NO;
				DEBUG_INFORMATION_FORMAT = dwarf;
				ENABLE_STRICT_OBJC_MSGSEND = YES;
				ENABLE_TESTABILITY = YES;
				GCC_C_LANGUAGE_STANDARD = gnu11;
				GCC_DYNAMIC_NO_PIC = NO;
				GCC_NO_COMMON_BLOCKS = YES;
				GCC_OPTIMIZATION_LEVEL = 0;
				GCC_PREPROCESSOR_DEFINITIONS = (
					"DEBUG=1",
					"$(inherited)",
				);
				GCC_WARN_64_TO_32_BIT_CONVERSION = YES;
				GCC_WARN_ABOUT_RETURN_TYPE = YES_ERROR;
				GCC_WARN_UNDECLARED_SELECTOR = YES;
				GCC_WARN_UNINITIALIZED_AUTOS = YES_AGGRESSIVE;
				GCC_WARN_UNUSED_FUNCTION = YES;
				GCC_WARN_UNUSED_VARIABLE = YES;
				IPHONEOS_DEPLOYMENT_TARGET = 8.0;
				MTL_ENABLE_DEBUG_INFO = INCLUDE_SOURCE;
				MTL_FAST_MATH = YES;
				ONLY_ACTIVE_ARCH = YES;
				SDKROOT = iphoneos;
			};
			name = Debug;
		};
		9D74FB7521A2918E008C7B36 /* Release */ = {
			isa = XCBuildConfiguration;
			buildSettings = {
				ALWAYS_SEARCH_USER_PATHS = NO;
				CLANG_ANALYZER_NONNULL = YES;
				CLANG_ANALYZER_NUMBER_OBJECT_CONVERSION = YES_AGGRESSIVE;
				CLANG_CXX_LANGUAGE_STANDARD = "gnu++14";
				CLANG_CXX_LIBRARY = "libc++";
				CLANG_ENABLE_MODULES = YES;
				CLANG_ENABLE_OBJC_ARC = YES;
				CLANG_ENABLE_OBJC_WEAK = YES;
				CLANG_WARN_BLOCK_CAPTURE_AUTORELEASING = YES;
				CLANG_WARN_BOOL_CONVERSION = YES;
				CLANG_WARN_COMMA = YES;
				CLANG_WARN_CONSTANT_CONVERSION = YES;
				CLANG_WARN_DEPRECATED_OBJC_IMPLEMENTATIONS = YES;
				CLANG_WARN_DIRECT_OBJC_ISA_USAGE = YES_ERROR;
				CLANG_WARN_DOCUMENTATION_COMMENTS = YES;
				CLANG_WARN_EMPTY_BODY = YES;
				CLANG_WARN_ENUM_CONVERSION = YES;
				CLANG_WARN_INFINITE_RECURSION = YES;
				CLANG_WARN_INT_CONVERSION = YES;
				CLANG_WARN_NON_LITERAL_NULL_CONVERSION = YES;
				CLANG_WARN_OBJC_IMPLICIT_RETAIN_SELF = YES;
				CLANG_WARN_OBJC_LITERAL_CONVERSION = YES;
				CLANG_WARN_OBJC_ROOT_CLASS = YES_ERROR;
				CLANG_WARN_RANGE_LOOP_ANALYSIS = YES;
				CLANG_WARN_STRICT_PROTOTYPES = YES;
				CLANG_WARN_SUSPICIOUS_MOVE = YES;
				CLANG_WARN_UNGUARDED_AVAILABILITY = YES_AGGRESSIVE;
				CLANG_WARN_UNREACHABLE_CODE = YES;
				CLANG_WARN__DUPLICATE_METHOD_MATCH = YES;
				CODE_SIGN_IDENTITY = "iPhone Developer";
				COPY_PHASE_STRIP = NO;
				DEBUG_INFORMATION_FORMAT = "dwarf-with-dsym";
				ENABLE_NS_ASSERTIONS = NO;
				ENABLE_STRICT_OBJC_MSGSEND = YES;
				GCC_C_LANGUAGE_STANDARD = gnu11;
				GCC_NO_COMMON_BLOCKS = YES;
				GCC_WARN_64_TO_32_BIT_CONVERSION = YES;
				GCC_WARN_ABOUT_RETURN_TYPE = YES_ERROR;
				GCC_WARN_UNDECLARED_SELECTOR = YES;
				GCC_WARN_UNINITIALIZED_AUTOS = YES_AGGRESSIVE;
				GCC_WARN_UNUSED_FUNCTION = YES;
				GCC_WARN_UNUSED_VARIABLE = YES;
				IPHONEOS_DEPLOYMENT_TARGET = 8.0;
				MTL_ENABLE_DEBUG_INFO = NO;
				MTL_FAST_MATH = YES;
				SDKROOT = iphoneos;
				VALIDATE_PRODUCT = YES;
			};
			name = Release;
		};
		9D74FB7721A2918E008C7B36 /* Debug */ = {
			isa = XCBuildConfiguration;
			buildSettings = {
				ASSETCATALOG_COMPILER_APPICON_NAME = AppIcon;
				CODE_SIGN_STYLE = Automatic;
				DEVELOPMENT_TEAM = PMEU432463;
				INFOPLIST_FILE = JKPopupView/Info.plist;
				LD_RUNPATH_SEARCH_PATHS = (
					"$(inherited)",
					"@executable_path/Frameworks",
				);
				PRODUCT_BUNDLE_IDENTIFIER = bRong.JKPopupView;
				PRODUCT_NAME = "$(TARGET_NAME)";
				TARGETED_DEVICE_FAMILY = 1;
			};
			name = Debug;
		};
		9D74FB7821A2918E008C7B36 /* Release */ = {
			isa = XCBuildConfiguration;
			buildSettings = {
				ASSETCATALOG_COMPILER_APPICON_NAME = AppIcon;
				CODE_SIGN_STYLE = Automatic;
				DEVELOPMENT_TEAM = PMEU432463;
				INFOPLIST_FILE = JKPopupView/Info.plist;
				LD_RUNPATH_SEARCH_PATHS = (
					"$(inherited)",
					"@executable_path/Frameworks",
				);
				PRODUCT_BUNDLE_IDENTIFIER = bRong.JKPopupView;
				PRODUCT_NAME = "$(TARGET_NAME)";
				TARGETED_DEVICE_FAMILY = 1;
			};
			name = Release;
		};
		9D74FB7A21A2918E008C7B36 /* Debug */ = {
			isa = XCBuildConfiguration;
			buildSettings = {
				BUNDLE_LOADER = "$(TEST_HOST)";
				CODE_SIGN_STYLE = Automatic;
				DEVELOPMENT_TEAM = PMEU432463;
				INFOPLIST_FILE = JKPopupViewTests/Info.plist;
				LD_RUNPATH_SEARCH_PATHS = (
					"$(inherited)",
					"@executable_path/Frameworks",
					"@loader_path/Frameworks",
				);
				PRODUCT_BUNDLE_IDENTIFIER = bRong.JKPopupViewTests;
				PRODUCT_NAME = "$(TARGET_NAME)";
				TARGETED_DEVICE_FAMILY = "1,2";
				TEST_HOST = "$(BUILT_PRODUCTS_DIR)/JKPopupView.app/JKPopupView";
			};
			name = Debug;
		};
		9D74FB7B21A2918E008C7B36 /* Release */ = {
			isa = XCBuildConfiguration;
			buildSettings = {
				BUNDLE_LOADER = "$(TEST_HOST)";
				CODE_SIGN_STYLE = Automatic;
				DEVELOPMENT_TEAM = PMEU432463;
				INFOPLIST_FILE = JKPopupViewTests/Info.plist;
				LD_RUNPATH_SEARCH_PATHS = (
					"$(inherited)",
					"@executable_path/Frameworks",
					"@loader_path/Frameworks",
				);
				PRODUCT_BUNDLE_IDENTIFIER = bRong.JKPopupViewTests;
				PRODUCT_NAME = "$(TARGET_NAME)";
				TARGETED_DEVICE_FAMILY = "1,2";
				TEST_HOST = "$(BUILT_PRODUCTS_DIR)/JKPopupView.app/JKPopupView";
			};
			name = Release;
		};
		9D74FB7D21A2918E008C7B36 /* Debug */ = {
			isa = XCBuildConfiguration;
			buildSettings = {
				CODE_SIGN_STYLE = Automatic;
				DEVELOPMENT_TEAM = PMEU432463;
				INFOPLIST_FILE = JKPopupViewUITests/Info.plist;
				LD_RUNPATH_SEARCH_PATHS = (
					"$(inherited)",
					"@executable_path/Frameworks",
					"@loader_path/Frameworks",
				);
				PRODUCT_BUNDLE_IDENTIFIER = bRong.JKPopupViewUITests;
				PRODUCT_NAME = "$(TARGET_NAME)";
				TARGETED_DEVICE_FAMILY = "1,2";
				TEST_TARGET_NAME = JKPopupView;
			};
			name = Debug;
		};
		9D74FB7E21A2918E008C7B36 /* Release */ = {
			isa = XCBuildConfiguration;
			buildSettings = {
				CODE_SIGN_STYLE = Automatic;
				DEVELOPMENT_TEAM = PMEU432463;
				INFOPLIST_FILE = JKPopupViewUITests/Info.plist;
				LD_RUNPATH_SEARCH_PATHS = (
					"$(inherited)",
					"@executable_path/Frameworks",
					"@loader_path/Frameworks",
				);
				PRODUCT_BUNDLE_IDENTIFIER = bRong.JKPopupViewUITests;
				PRODUCT_NAME = "$(TARGET_NAME)";
				TARGETED_DEVICE_FAMILY = "1,2";
				TEST_TARGET_NAME = JKPopupView;
			};
			name = Release;
		};
/* End XCBuildConfiguration section */

/* Begin XCConfigurationList section */
		9D74FB4521A2918D008C7B36 /* Build configuration list for PBXProject "JKPopupView" */ = {
			isa = XCConfigurationList;
			buildConfigurations = (
				9D74FB7421A2918E008C7B36 /* Debug */,
				9D74FB7521A2918E008C7B36 /* Release */,
			);
			defaultConfigurationIsVisible = 0;
			defaultConfigurationName = Release;
		};
		9D74FB7621A2918E008C7B36 /* Build configuration list for PBXNativeTarget "JKPopupView" */ = {
			isa = XCConfigurationList;
			buildConfigurations = (
				9D74FB7721A2918E008C7B36 /* Debug */,
				9D74FB7821A2918E008C7B36 /* Release */,
			);
			defaultConfigurationIsVisible = 0;
			defaultConfigurationName = Release;
		};
		9D74FB7921A2918E008C7B36 /* Build configuration list for PBXNativeTarget "JKPopupViewTests" */ = {
			isa = XCConfigurationList;
			buildConfigurations = (
				9D74FB7A21A2918E008C7B36 /* Debug */,
				9D74FB7B21A2918E008C7B36 /* Release */,
			);
			defaultConfigurationIsVisible = 0;
			defaultConfigurationName = Release;
		};
		9D74FB7C21A2918E008C7B36 /* Build configuration list for PBXNativeTarget "JKPopupViewUITests" */ = {
			isa = XCConfigurationList;
			buildConfigurations = (
				9D74FB7D21A2918E008C7B36 /* Debug */,
				9D74FB7E21A2918E008C7B36 /* Release */,
			);
			defaultConfigurationIsVisible = 0;
			defaultConfigurationName = Release;
		};
/* End XCConfigurationList section */
	};
	rootObject = 9D74FB4221A2918D008C7B36 /* Project object */;
}
